
Microsoft Visual Studio Solution File, Format Version 12.00
# Visual Studio Version 16
VisualStudioVersion = 16.0.30114.105
MinimumVisualStudioVersion = 10.0.40219.1
Project("{FAE04EC0-301F-11D3-BF4B-00C04F79EFBC}") = "zad6_1", "zad6_1.csproj", "{86F4C583-AE23-4D73-AA54-A3633C5C04DE}"
EndProject
Global
	GlobalSection(SolutionConfigurationPlatforms) = preSolution
		Debug|Any CPU = Debug|Any CPU
		Release|Any CPU = Release|Any CPU
	EndGlobalSection
	GlobalSection(SolutionProperties) = preSolution
		HideSolutionNode = FALSE
	EndGlobalSection
	GlobalSection(ProjectConfigurationPlatforms) = postSolution
		{86F4C583-AE23-4D73-AA54-A3633C5C04DE}.Debug|Any CPU.ActiveCfg = Debug|Any CPU
		{86F4C583-AE23-4D73-AA54-A3633C5C04DE}.Debug|Any CPU.Build.0 = Debug|Any CPU
		{86F4C583-AE23-4D73-AA54-A3633C5C04DE}.Release|Any CPU.ActiveCfg = Release|Any CPU
		{86F4C583-AE23-4D73-AA54-A3633C5C04DE}.Release|Any CPU.Build.0 = Release|Any CPU
	EndGlobalSection
EndGlobal
